// !$*UTF8*$!
{
	archiveVersion = 1;
	classes = {
	};
	objectVersion = 46;
	objects = {

/* Begin PBXBuildFile section */
		DB031B921B338C3700417713 /* AppDelegate.swift in Sources */ = {isa = PBXBuildFile; fileRef = DB031B911B338C3700417713 /* AppDelegate.swift */; };
		DB031B941B338C3700417713 /* ViewController.swift in Sources */ = {isa = PBXBuildFile; fileRef = DB031B931B338C3700417713 /* ViewController.swift */; };
		DB031B991B338C3700417713 /* Images.xcassets in Resources */ = {isa = PBXBuildFile; fileRef = DB031B981B338C3700417713 /* Images.xcassets */; };
		DB031BA81B338C3700417713 /* Sparq_CalendarTests.swift in Sources */ = {isa = PBXBuildFile; fileRef = DB031BA71B338C3700417713 /* Sparq_CalendarTests.swift */; };
		DB15D4721B545CE600CA2A63 /* RestApiManager.swift in Sources */ = {isa = PBXBuildFile; fileRef = DB15D4711B545CE600CA2A63 /* RestApiManager.swift */; };
		DB15D4771B56AB5A00CA2A63 /* LoginViewController.swift in Sources */ = {isa = PBXBuildFile; fileRef = DB15D4761B56AB5A00CA2A63 /* LoginViewController.swift */; };
		DB15D47A1B599D3300CA2A63 /* Class.xcdatamodeld in Sources */ = {isa = PBXBuildFile; fileRef = DB15D4781B599D3300CA2A63 /* Class.xcdatamodeld */; };
		DB1A50BB1B9BCD0300FD2F40 /* CryptoSwift in Resources */ = {isa = PBXBuildFile; fileRef = DB1A50BA1B9BCD0300FD2F40 /* CryptoSwift */; };
		DB1A50BC1B9BCD0300FD2F40 /* CryptoSwift in Resources */ = {isa = PBXBuildFile; fileRef = DB1A50BA1B9BCD0300FD2F40 /* CryptoSwift */; };
		DB2280691B4B1D7E0023D10F /* SwiftyJSON.swift in Sources */ = {isa = PBXBuildFile; fileRef = DB2280681B4B1D7E0023D10F /* SwiftyJSON.swift */; };
		DB22806A1B4B1D7E0023D10F /* SwiftyJSON.swift in Sources */ = {isa = PBXBuildFile; fileRef = DB2280681B4B1D7E0023D10F /* SwiftyJSON.swift */; };
		DB2280761B51DC4C0023D10F /* ScheduleViewController.swift in Sources */ = {isa = PBXBuildFile; fileRef = DB2280751B51DC4C0023D10F /* ScheduleViewController.swift */; };
		DB2280771B51DC4C0023D10F /* ScheduleViewController.swift in Sources */ = {isa = PBXBuildFile; fileRef = DB2280751B51DC4C0023D10F /* ScheduleViewController.swift */; };
		DB2EF47D1B66DE3700F78317 /* Main.storyboard in Resources */ = {isa = PBXBuildFile; fileRef = DB2EF47B1B66DE3700F78317 /* Main.storyboard */; };
		DB2EF47E1B66DE3700F78317 /* Main.storyboard in Resources */ = {isa = PBXBuildFile; fileRef = DB2EF47B1B66DE3700F78317 /* Main.storyboard */; };
		DB30605B1B6FDA6800052AC0 /* StringExtension.swift in Sources */ = {isa = PBXBuildFile; fileRef = DB30605A1B6FDA6800052AC0 /* StringExtension.swift */; };
		DB30605C1B6FDA6800052AC0 /* StringExtension.swift in Sources */ = {isa = PBXBuildFile; fileRef = DB30605A1B6FDA6800052AC0 /* StringExtension.swift */; };
		DB30606B1B7422C300052AC0 /* Duration.swift in Sources */ = {isa = PBXBuildFile; fileRef = DB3060631B7422C300052AC0 /* Duration.swift */; };
		DB30606C1B7422C300052AC0 /* Duration.swift in Sources */ = {isa = PBXBuildFile; fileRef = DB3060631B7422C300052AC0 /* Duration.swift */; };
		DB30606D1B7422C300052AC0 /* Int+Timepiece.swift in Sources */ = {isa = PBXBuildFile; fileRef = DB3060641B7422C300052AC0 /* Int+Timepiece.swift */; };
		DB30606E1B7422C300052AC0 /* Int+Timepiece.swift in Sources */ = {isa = PBXBuildFile; fileRef = DB3060641B7422C300052AC0 /* Int+Timepiece.swift */; };
		DB30606F1B7422C300052AC0 /* NSCalendar+Timepiece.swift in Sources */ = {isa = PBXBuildFile; fileRef = DB3060651B7422C300052AC0 /* NSCalendar+Timepiece.swift */; };
		DB3060701B7422C300052AC0 /* NSCalendar+Timepiece.swift in Sources */ = {isa = PBXBuildFile; fileRef = DB3060651B7422C300052AC0 /* NSCalendar+Timepiece.swift */; };
		DB3060711B7422C300052AC0 /* NSCalendarUnit+Timepiece.swift in Sources */ = {isa = PBXBuildFile; fileRef = DB3060661B7422C300052AC0 /* NSCalendarUnit+Timepiece.swift */; };
		DB3060721B7422C300052AC0 /* NSCalendarUnit+Timepiece.swift in Sources */ = {isa = PBXBuildFile; fileRef = DB3060661B7422C300052AC0 /* NSCalendarUnit+Timepiece.swift */; };
		DB3060731B7422C300052AC0 /* NSDate+Timepiece.swift in Sources */ = {isa = PBXBuildFile; fileRef = DB3060671B7422C300052AC0 /* NSDate+Timepiece.swift */; };
		DB3060741B7422C300052AC0 /* NSDate+Timepiece.swift in Sources */ = {isa = PBXBuildFile; fileRef = DB3060671B7422C300052AC0 /* NSDate+Timepiece.swift */; };
		DB3060751B7422C300052AC0 /* NSDateComponents+Timepiece.swift in Sources */ = {isa = PBXBuildFile; fileRef = DB3060681B7422C300052AC0 /* NSDateComponents+Timepiece.swift */; };
		DB3060761B7422C300052AC0 /* NSDateComponents+Timepiece.swift in Sources */ = {isa = PBXBuildFile; fileRef = DB3060681B7422C300052AC0 /* NSDateComponents+Timepiece.swift */; };
		DB3060791B7422C300052AC0 /* String+Timepiece.swift in Sources */ = {isa = PBXBuildFile; fileRef = DB30606A1B7422C300052AC0 /* String+Timepiece.swift */; };
		DB30607A1B7422C300052AC0 /* String+Timepiece.swift in Sources */ = {isa = PBXBuildFile; fileRef = DB30606A1B7422C300052AC0 /* String+Timepiece.swift */; };
		DB30607C1B742F2100052AC0 /* ArrayExtension.swift in Sources */ = {isa = PBXBuildFile; fileRef = DB30607B1B742F2100052AC0 /* ArrayExtension.swift */; };
		DB30607D1B742F2100052AC0 /* ArrayExtension.swift in Sources */ = {isa = PBXBuildFile; fileRef = DB30607B1B742F2100052AC0 /* ArrayExtension.swift */; };
		DB34AF031B8222FC004751F0 /* Images.xcassets in Resources */ = {isa = PBXBuildFile; fileRef = DB031B981B338C3700417713 /* Images.xcassets */; };
		DB4378951B8399970056CE60 /* Reachability.swift in Sources */ = {isa = PBXBuildFile; fileRef = DB4378941B8399970056CE60 /* Reachability.swift */; };
		DB4378961B8399970056CE60 /* Reachability.swift in Sources */ = {isa = PBXBuildFile; fileRef = DB4378941B8399970056CE60 /* Reachability.swift */; };
		DB7BE6641B5D590300F2725F /* Holidays.swift in Sources */ = {isa = PBXBuildFile; fileRef = DB7BE6631B5D590300F2725F /* Holidays.swift */; };
		DB7BE6661B5D590400F2725F /* User.swift in Sources */ = {isa = PBXBuildFile; fileRef = DB7BE6651B5D590400F2725F /* User.swift */; };
		DB7BE66C1B5D590400F2725F /* Schedule.swift in Sources */ = {isa = PBXBuildFile; fileRef = DB7BE66B1B5D590400F2725F /* Schedule.swift */; };
		DBA38C121B5D9DCC00CC09DC /* AppDelegate.swift in Sources */ = {isa = PBXBuildFile; fileRef = DB031B911B338C3700417713 /* AppDelegate.swift */; };
		DBCE7F6D1B6589330008D0BF /* FMDatabase.m in Sources */ = {isa = PBXBuildFile; fileRef = DBCE7F641B6589330008D0BF /* FMDatabase.m */; };
		DBCE7F6E1B6589330008D0BF /* FMDatabase.m in Sources */ = {isa = PBXBuildFile; fileRef = DBCE7F641B6589330008D0BF /* FMDatabase.m */; };
		DBCE7F6F1B6589330008D0BF /* FMResultSet.m in Sources */ = {isa = PBXBuildFile; fileRef = DBCE7F661B6589330008D0BF /* FMResultSet.m */; };
		DBCE7F701B6589330008D0BF /* FMResultSet.m in Sources */ = {isa = PBXBuildFile; fileRef = DBCE7F661B6589330008D0BF /* FMResultSet.m */; };
		DBCE7F711B6589330008D0BF /* FMDatabaseQueue.m in Sources */ = {isa = PBXBuildFile; fileRef = DBCE7F681B6589330008D0BF /* FMDatabaseQueue.m */; };
		DBCE7F721B6589330008D0BF /* FMDatabaseQueue.m in Sources */ = {isa = PBXBuildFile; fileRef = DBCE7F681B6589330008D0BF /* FMDatabaseQueue.m */; };
		DBCE7F731B6589330008D0BF /* FMDatabaseAdditions.m in Sources */ = {isa = PBXBuildFile; fileRef = DBCE7F6A1B6589330008D0BF /* FMDatabaseAdditions.m */; };
		DBCE7F741B6589330008D0BF /* FMDatabaseAdditions.m in Sources */ = {isa = PBXBuildFile; fileRef = DBCE7F6A1B6589330008D0BF /* FMDatabaseAdditions.m */; };
		DBCE7F751B6589330008D0BF /* FMDatabasePool.m in Sources */ = {isa = PBXBuildFile; fileRef = DBCE7F6C1B6589330008D0BF /* FMDatabasePool.m */; };
		DBCE7F761B6589330008D0BF /* FMDatabasePool.m in Sources */ = {isa = PBXBuildFile; fileRef = DBCE7F6C1B6589330008D0BF /* FMDatabasePool.m */; };
		DBCE7F781B65A0230008D0BF /* libsqlite3.dylib in Frameworks */ = {isa = PBXBuildFile; fileRef = DBCE7F771B65A0230008D0BF /* libsqlite3.dylib */; };
		DBCE7F791B65A0230008D0BF /* libsqlite3.dylib in Frameworks */ = {isa = PBXBuildFile; fileRef = DBCE7F771B65A0230008D0BF /* libsqlite3.dylib */; };
		DBE50E031B66AADF00E43954 /* ClassTableViewCell.swift in Sources */ = {isa = PBXBuildFile; fileRef = DBE50E021B66AADF00E43954 /* ClassTableViewCell.swift */; };
		DBE50E041B66AADF00E43954 /* ClassTableViewCell.swift in Sources */ = {isa = PBXBuildFile; fileRef = DBE50E021B66AADF00E43954 /* ClassTableViewCell.swift */; };
		DBF2F4E31B5EB5ED00B2F44F /* Schedule.swift in Sources */ = {isa = PBXBuildFile; fileRef = DB7BE66B1B5D590400F2725F /* Schedule.swift */; };
		DBF2F4E61B5EB5F800B2F44F /* User.swift in Sources */ = {isa = PBXBuildFile; fileRef = DB7BE6651B5D590400F2725F /* User.swift */; };
		DBF2F4E71B5EB5FB00B2F44F /* Holidays.swift in Sources */ = {isa = PBXBuildFile; fileRef = DB7BE6631B5D590300F2725F /* Holidays.swift */; };
		DBF2F4E91B5EB60900B2F44F /* LoginViewController.swift in Sources */ = {isa = PBXBuildFile; fileRef = DB15D4761B56AB5A00CA2A63 /* LoginViewController.swift */; };
		DBF2F4EA1B5EB61000B2F44F /* Class.xcdatamodeld in Sources */ = {isa = PBXBuildFile; fileRef = DB15D4781B599D3300CA2A63 /* Class.xcdatamodeld */; };
		DBF2F4EB1B5EB61400B2F44F /* ViewController.swift in Sources */ = {isa = PBXBuildFile; fileRef = DB031B931B338C3700417713 /* ViewController.swift */; };
		DBF2F4EC1B5EB61600B2F44F /* RestApiManager.swift in Sources */ = {isa = PBXBuildFile; fileRef = DB15D4711B545CE600CA2A63 /* RestApiManager.swift */; };
		DBF2F4F11B5F065D00B2F44F /* ClassMeetings.swift in Sources */ = {isa = PBXBuildFile; fileRef = DBF2F4F01B5F065D00B2F44F /* ClassMeetings.swift */; };
		DBF2F4F21B5F065D00B2F44F /* ClassMeetings.swift in Sources */ = {isa = PBXBuildFile; fileRef = DBF2F4F01B5F065D00B2F44F /* ClassMeetings.swift */; };
		DBF2F4F41B5FE56300B2F44F /* Days.swift in Sources */ = {isa = PBXBuildFile; fileRef = DBF2F4F31B5FE56300B2F44F /* Days.swift */; };
		DBF2F4F51B5FE56300B2F44F /* Days.swift in Sources */ = {isa = PBXBuildFile; fileRef = DBF2F4F31B5FE56300B2F44F /* Days.swift */; };
		DBF2F4F71B600F6000B2F44F /* LaunchScreen.xib in Resources */ = {isa = PBXBuildFile; fileRef = DB031B9A1B338C3700417713 /* LaunchScreen.xib */; };
/* End PBXBuildFile section */

/* Begin PBXContainerItemProxy section */
		DB031BA21B338C3700417713 /* PBXContainerItemProxy */ = {
			isa = PBXContainerItemProxy;
			containerPortal = DB031B841B338C3700417713 /* Project object */;
			proxyType = 1;
			remoteGlobalIDString = DB031B8B1B338C3700417713;
			remoteInfo = "Sparq Calendar";
		};
/* End PBXContainerItemProxy section */

/* Begin PBXFileReference section */
		DB031B8C1B338C3700417713 /* Sparq Calendar.app */ = {isa = PBXFileReference; explicitFileType = wrapper.application; includeInIndex = 0; path = "Sparq Calendar.app"; sourceTree = BUILT_PRODUCTS_DIR; };
		DB031B901B338C3700417713 /* Info.plist */ = {isa = PBXFileReference; lastKnownFileType = text.plist.xml; path = Info.plist; sourceTree = "<group>"; };
		DB031B911B338C3700417713 /* AppDelegate.swift */ = {isa = PBXFileReference; lastKnownFileType = sourcecode.swift; path = AppDelegate.swift; sourceTree = "<group>"; };
		DB031B931B338C3700417713 /* ViewController.swift */ = {isa = PBXFileReference; lastKnownFileType = sourcecode.swift; path = ViewController.swift; sourceTree = "<group>"; };
		DB031B981B338C3700417713 /* Images.xcassets */ = {isa = PBXFileReference; lastKnownFileType = folder.assetcatalog; path = Images.xcassets; sourceTree = "<group>"; };
		DB031B9B1B338C3700417713 /* Base */ = {isa = PBXFileReference; lastKnownFileType = file.xib; name = Base; path = Base.lproj/LaunchScreen.xib; sourceTree = "<group>"; };
		DB031BA11B338C3700417713 /* Sparq CalendarTests.xctest */ = {isa = PBXFileReference; explicitFileType = wrapper.cfbundle; includeInIndex = 0; path = "Sparq CalendarTests.xctest"; sourceTree = BUILT_PRODUCTS_DIR; };
		DB031BA61B338C3700417713 /* Info.plist */ = {isa = PBXFileReference; lastKnownFileType = text.plist.xml; path = Info.plist; sourceTree = "<group>"; };
		DB031BA71B338C3700417713 /* Sparq_CalendarTests.swift */ = {isa = PBXFileReference; lastKnownFileType = sourcecode.swift; path = Sparq_CalendarTests.swift; sourceTree = "<group>"; };
		DB15D4711B545CE600CA2A63 /* RestApiManager.swift */ = {isa = PBXFileReference; fileEncoding = 4; lastKnownFileType = sourcecode.swift; path = RestApiManager.swift; sourceTree = "<group>"; };
		DB15D4761B56AB5A00CA2A63 /* LoginViewController.swift */ = {isa = PBXFileReference; fileEncoding = 4; lastKnownFileType = sourcecode.swift; path = LoginViewController.swift; sourceTree = "<group>"; };
		DB15D4791B599D3300CA2A63 /* Class.xcdatamodel */ = {isa = PBXFileReference; lastKnownFileType = wrapper.xcdatamodel; path = Class.xcdatamodel; sourceTree = "<group>"; };
		DB1A50BA1B9BCD0300FD2F40 /* CryptoSwift */ = {isa = PBXFileReference; lastKnownFileType = folder; path = CryptoSwift; sourceTree = "<group>"; };
		DB2280681B4B1D7E0023D10F /* SwiftyJSON.swift */ = {isa = PBXFileReference; fileEncoding = 4; lastKnownFileType = sourcecode.swift; path = SwiftyJSON.swift; sourceTree = "<group>"; };
		DB2280751B51DC4C0023D10F /* ScheduleViewController.swift */ = {isa = PBXFileReference; fileEncoding = 4; lastKnownFileType = sourcecode.swift; path = ScheduleViewController.swift; sourceTree = "<group>"; };
		DB2EF47C1B66DE3700F78317 /* Base */ = {isa = PBXFileReference; lastKnownFileType = file.storyboard; name = Base; path = Base.lproj/Main.storyboard; sourceTree = "<group>"; };
		DB30605A1B6FDA6800052AC0 /* StringExtension.swift */ = {isa = PBXFileReference; fileEncoding = 4; lastKnownFileType = sourcecode.swift; name = StringExtension.swift; path = ../StringExtension.swift; sourceTree = "<group>"; };
		DB3060631B7422C300052AC0 /* Duration.swift */ = {isa = PBXFileReference; fileEncoding = 4; lastKnownFileType = sourcecode.swift; name = Duration.swift; path = Timepeace/Duration.swift; sourceTree = "<group>"; };
		DB3060641B7422C300052AC0 /* Int+Timepiece.swift */ = {isa = PBXFileReference; fileEncoding = 4; lastKnownFileType = sourcecode.swift; name = "Int+Timepiece.swift"; path = "Timepeace/Int+Timepiece.swift"; sourceTree = "<group>"; };
		DB3060651B7422C300052AC0 /* NSCalendar+Timepiece.swift */ = {isa = PBXFileReference; fileEncoding = 4; lastKnownFileType = sourcecode.swift; name = "NSCalendar+Timepiece.swift"; path = "Timepeace/NSCalendar+Timepiece.swift"; sourceTree = "<group>"; };
		DB3060661B7422C300052AC0 /* NSCalendarUnit+Timepiece.swift */ = {isa = PBXFileReference; fileEncoding = 4; lastKnownFileType = sourcecode.swift; name = "NSCalendarUnit+Timepiece.swift"; path = "Timepeace/NSCalendarUnit+Timepiece.swift"; sourceTree = "<group>"; };
		DB3060671B7422C300052AC0 /* NSDate+Timepiece.swift */ = {isa = PBXFileReference; fileEncoding = 4; lastKnownFileType = sourcecode.swift; name = "NSDate+Timepiece.swift"; path = "Timepeace/NSDate+Timepiece.swift"; sourceTree = "<group>"; };
		DB3060681B7422C300052AC0 /* NSDateComponents+Timepiece.swift */ = {isa = PBXFileReference; fileEncoding = 4; lastKnownFileType = sourcecode.swift; name = "NSDateComponents+Timepiece.swift"; path = "Timepeace/NSDateComponents+Timepiece.swift"; sourceTree = "<group>"; };
		DB30606A1B7422C300052AC0 /* String+Timepiece.swift */ = {isa = PBXFileReference; fileEncoding = 4; lastKnownFileType = sourcecode.swift; name = "String+Timepiece.swift"; path = "Timepeace/String+Timepiece.swift"; sourceTree = "<group>"; };
		DB30607B1B742F2100052AC0 /* ArrayExtension.swift */ = {isa = PBXFileReference; fileEncoding = 4; lastKnownFileType = sourcecode.swift; path = ArrayExtension.swift; sourceTree = "<group>"; };
		DB4378941B8399970056CE60 /* Reachability.swift */ = {isa = PBXFileReference; fileEncoding = 4; lastKnownFileType = sourcecode.swift; path = Reachability.swift; sourceTree = "<group>"; };
		DB7BE6631B5D590300F2725F /* Holidays.swift */ = {isa = PBXFileReference; fileEncoding = 4; lastKnownFileType = sourcecode.swift; path = Holidays.swift; sourceTree = "<group>"; };
		DB7BE6651B5D590400F2725F /* User.swift */ = {isa = PBXFileReference; fileEncoding = 4; lastKnownFileType = sourcecode.swift; path = User.swift; sourceTree = "<group>"; };
		DB7BE66B1B5D590400F2725F /* Schedule.swift */ = {isa = PBXFileReference; fileEncoding = 4; lastKnownFileType = sourcecode.swift; path = Schedule.swift; sourceTree = "<group>"; };
		DBCE7F601B6589320008D0BF /* Sparq Calendar-Bridging-Header.h */ = {isa = PBXFileReference; lastKnownFileType = sourcecode.c.h; path = "Sparq Calendar-Bridging-Header.h"; sourceTree = "<group>"; };
		DBCE7F611B6589320008D0BF /* Sparq CalendarTests-Bridging-Header.h */ = {isa = PBXFileReference; lastKnownFileType = sourcecode.c.h; path = "Sparq CalendarTests-Bridging-Header.h"; sourceTree = "<group>"; };
		DBCE7F621B6589330008D0BF /* FMDB.h */ = {isa = PBXFileReference; fileEncoding = 4; lastKnownFileType = sourcecode.c.h; name = FMDB.h; path = fmdb/src/fmdb/FMDB.h; sourceTree = "<group>"; };
		DBCE7F631B6589330008D0BF /* FMDatabase.h */ = {isa = PBXFileReference; fileEncoding = 4; lastKnownFileType = sourcecode.c.h; name = FMDatabase.h; path = fmdb/src/fmdb/FMDatabase.h; sourceTree = "<group>"; };
		DBCE7F641B6589330008D0BF /* FMDatabase.m */ = {isa = PBXFileReference; fileEncoding = 4; lastKnownFileType = sourcecode.c.objc; name = FMDatabase.m; path = fmdb/src/fmdb/FMDatabase.m; sourceTree = "<group>"; };
		DBCE7F651B6589330008D0BF /* FMResultSet.h */ = {isa = PBXFileReference; fileEncoding = 4; lastKnownFileType = sourcecode.c.h; name = FMResultSet.h; path = fmdb/src/fmdb/FMResultSet.h; sourceTree = "<group>"; };
		DBCE7F661B6589330008D0BF /* FMResultSet.m */ = {isa = PBXFileReference; fileEncoding = 4; lastKnownFileType = sourcecode.c.objc; name = FMResultSet.m; path = fmdb/src/fmdb/FMResultSet.m; sourceTree = "<group>"; };
		DBCE7F671B6589330008D0BF /* FMDatabaseQueue.h */ = {isa = PBXFileReference; fileEncoding = 4; lastKnownFileType = sourcecode.c.h; name = FMDatabaseQueue.h; path = fmdb/src/fmdb/FMDatabaseQueue.h; sourceTree = "<group>"; };
		DBCE7F681B6589330008D0BF /* FMDatabaseQueue.m */ = {isa = PBXFileReference; fileEncoding = 4; lastKnownFileType = sourcecode.c.objc; name = FMDatabaseQueue.m; path = fmdb/src/fmdb/FMDatabaseQueue.m; sourceTree = "<group>"; };
		DBCE7F691B6589330008D0BF /* FMDatabaseAdditions.h */ = {isa = PBXFileReference; fileEncoding = 4; lastKnownFileType = sourcecode.c.h; name = FMDatabaseAdditions.h; path = fmdb/src/fmdb/FMDatabaseAdditions.h; sourceTree = "<group>"; };
		DBCE7F6A1B6589330008D0BF /* FMDatabaseAdditions.m */ = {isa = PBXFileReference; fileEncoding = 4; lastKnownFileType = sourcecode.c.objc; name = FMDatabaseAdditions.m; path = fmdb/src/fmdb/FMDatabaseAdditions.m; sourceTree = "<group>"; };
		DBCE7F6B1B6589330008D0BF /* FMDatabasePool.h */ = {isa = PBXFileReference; fileEncoding = 4; lastKnownFileType = sourcecode.c.h; name = FMDatabasePool.h; path = fmdb/src/fmdb/FMDatabasePool.h; sourceTree = "<group>"; };
		DBCE7F6C1B6589330008D0BF /* FMDatabasePool.m */ = {isa = PBXFileReference; fileEncoding = 4; lastKnownFileType = sourcecode.c.objc; name = FMDatabasePool.m; path = fmdb/src/fmdb/FMDatabasePool.m; sourceTree = "<group>"; };
		DBCE7F771B65A0230008D0BF /* libsqlite3.dylib */ = {isa = PBXFileReference; lastKnownFileType = "compiled.mach-o.dylib"; path = libsqlite3.dylib; sourceTree = "<group>"; };
		DBE50E021B66AADF00E43954 /* ClassTableViewCell.swift */ = {isa = PBXFileReference; fileEncoding = 4; lastKnownFileType = sourcecode.swift; path = ClassTableViewCell.swift; sourceTree = "<group>"; };
		DBF2F4F01B5F065D00B2F44F /* ClassMeetings.swift */ = {isa = PBXFileReference; fileEncoding = 4; lastKnownFileType = sourcecode.swift; path = ClassMeetings.swift; sourceTree = "<group>"; };
		DBF2F4F31B5FE56300B2F44F /* Days.swift */ = {isa = PBXFileReference; fileEncoding = 4; lastKnownFileType = sourcecode.swift; name = Days.swift; path = ../Days.swift; sourceTree = "<group>"; };
/* End PBXFileReference section */

/* Begin PBXFrameworksBuildPhase section */
		DB031B891B338C3700417713 /* Frameworks */ = {
			isa = PBXFrameworksBuildPhase;
			buildActionMask = 2147483647;
			files = (
				DBCE7F781B65A0230008D0BF /* libsqlite3.dylib in Frameworks */,
			);
			runOnlyForDeploymentPostprocessing = 0;
		};
		DB031B9E1B338C3700417713 /* Frameworks */ = {
			isa = PBXFrameworksBuildPhase;
			buildActionMask = 2147483647;
			files = (
				DBCE7F791B65A0230008D0BF /* libsqlite3.dylib in Frameworks */,
			);
			runOnlyForDeploymentPostprocessing = 0;
		};
/* End PBXFrameworksBuildPhase section */

/* Begin PBXGroup section */
		DB031B831B338C3700417713 = {
			isa = PBXGroup;
			children = (
				DB031B8E1B338C3700417713 /* Sparq Calendar */,
				DB031BA41B338C3700417713 /* Sparq CalendarTests */,
				DB031B8D1B338C3700417713 /* Products */,
			);
			sourceTree = "<group>";
		};
		DB031B8D1B338C3700417713 /* Products */ = {
			isa = PBXGroup;
			children = (
				DB031B8C1B338C3700417713 /* Sparq Calendar.app */,
				DB031BA11B338C3700417713 /* Sparq CalendarTests.xctest */,
			);
			name = Products;
			sourceTree = "<group>";
		};
		DB031B8E1B338C3700417713 /* Sparq Calendar */ = {
			isa = PBXGroup;
			children = (
				DB1A50BA1B9BCD0300FD2F40 /* CryptoSwift */,
				DBE094881B4AE6FC00E76F17 /* utils */,
				DBF2F4F01B5F065D00B2F44F /* ClassMeetings.swift */,
				DBE50E021B66AADF00E43954 /* ClassTableViewCell.swift */,
				DBF2F4F31B5FE56300B2F44F /* Days.swift */,
				DB7BE66B1B5D590400F2725F /* Schedule.swift */,
				DB7BE6651B5D590400F2725F /* User.swift */,
				DB7BE6631B5D590300F2725F /* Holidays.swift */,
				DB031B911B338C3700417713 /* AppDelegate.swift */,
				DB2EF47B1B66DE3700F78317 /* Main.storyboard */,
				DB15D4761B56AB5A00CA2A63 /* LoginViewController.swift */,
				DB15D4781B599D3300CA2A63 /* Class.xcdatamodeld */,
				DB031B931B338C3700417713 /* ViewController.swift */,
				DB15D4711B545CE600CA2A63 /* RestApiManager.swift */,
				DB2280751B51DC4C0023D10F /* ScheduleViewController.swift */,
				DB031B981B338C3700417713 /* Images.xcassets */,
				DB031B9A1B338C3700417713 /* LaunchScreen.xib */,
				DB031B8F1B338C3700417713 /* Supporting Files */,
			);
			path = "Sparq Calendar";
			sourceTree = "<group>";
		};
		DB031B8F1B338C3700417713 /* Supporting Files */ = {
			isa = PBXGroup;
			children = (
				DBCE7F771B65A0230008D0BF /* libsqlite3.dylib */,
				DBCE7F621B6589330008D0BF /* FMDB.h */,
				DBCE7F631B6589330008D0BF /* FMDatabase.h */,
				DBCE7F641B6589330008D0BF /* FMDatabase.m */,
				DBCE7F651B6589330008D0BF /* FMResultSet.h */,
				DBCE7F661B6589330008D0BF /* FMResultSet.m */,
				DBCE7F671B6589330008D0BF /* FMDatabaseQueue.h */,
				DBCE7F681B6589330008D0BF /* FMDatabaseQueue.m */,
				DBCE7F691B6589330008D0BF /* FMDatabaseAdditions.h */,
				DBCE7F6A1B6589330008D0BF /* FMDatabaseAdditions.m */,
				DBCE7F6B1B6589330008D0BF /* FMDatabasePool.h */,
				DBCE7F6C1B6589330008D0BF /* FMDatabasePool.m */,
				DB031B901B338C3700417713 /* Info.plist */,
			);
			name = "Supporting Files";
			sourceTree = "<group>";
		};
		DB031BA41B338C3700417713 /* Sparq CalendarTests */ = {
			isa = PBXGroup;
			children = (
				DB031BA71B338C3700417713 /* Sparq_CalendarTests.swift */,
				DB031BA51B338C3700417713 /* Supporting Files */,
			);
			path = "Sparq CalendarTests";
			sourceTree = "<group>";
		};
		DB031BA51B338C3700417713 /* Supporting Files */ = {
			isa = PBXGroup;
			children = (
				DB031BA61B338C3700417713 /* Info.plist */,
			);
			name = "Supporting Files";
			sourceTree = "<group>";
		};
		DBE094881B4AE6FC00E76F17 /* utils */ = {
			isa = PBXGroup;
			children = (
				DB30605A1B6FDA6800052AC0 /* StringExtension.swift */,
				DB30607B1B742F2100052AC0 /* ArrayExtension.swift */,
				DB3060631B7422C300052AC0 /* Duration.swift */,
				DB3060641B7422C300052AC0 /* Int+Timepiece.swift */,
				DB3060651B7422C300052AC0 /* NSCalendar+Timepiece.swift */,
				DB3060661B7422C300052AC0 /* NSCalendarUnit+Timepiece.swift */,
				DB3060681B7422C300052AC0 /* NSDateComponents+Timepiece.swift */,
				DB3060671B7422C300052AC0 /* NSDate+Timepiece.swift */,
				DB30606A1B7422C300052AC0 /* String+Timepiece.swift */,
				DB2280681B4B1D7E0023D10F /* SwiftyJSON.swift */,
				DBCE7F601B6589320008D0BF /* Sparq Calendar-Bridging-Header.h */,
				DBCE7F611B6589320008D0BF /* Sparq CalendarTests-Bridging-Header.h */,
				DB4378941B8399970056CE60 /* Reachability.swift */,
			);
			name = utils;
			sourceTree = "<group>";
		};
/* End PBXGroup section */

/* Begin PBXNativeTarget section */
		DB031B8B1B338C3700417713 /* Sparq Calendar */ = {
			isa = PBXNativeTarget;
			buildConfigurationList = DB031BAB1B338C3700417713 /* Build configuration list for PBXNativeTarget "Sparq Calendar" */;
			buildPhases = (
				DB031B881B338C3700417713 /* Sources */,
				DB031B891B338C3700417713 /* Frameworks */,
				DB031B8A1B338C3700417713 /* Resources */,
			);
			buildRules = (
			);
			dependencies = (
			);
			name = "Sparq Calendar";
			productName = "Sparq Calendar";
			productReference = DB031B8C1B338C3700417713 /* Sparq Calendar.app */;
			productType = "com.apple.product-type.application";
		};
		DB031BA01B338C3700417713 /* Sparq CalendarTests */ = {
			isa = PBXNativeTarget;
			buildConfigurationList = DB031BAE1B338C3700417713 /* Build configuration list for PBXNativeTarget "Sparq CalendarTests" */;
			buildPhases = (
				DB031B9D1B338C3700417713 /* Sources */,
				DB031B9E1B338C3700417713 /* Frameworks */,
				DB031B9F1B338C3700417713 /* Resources */,
			);
			buildRules = (
			);
			dependencies = (
				DB031BA31B338C3700417713 /* PBXTargetDependency */,
			);
			name = "Sparq CalendarTests";
			productName = "Sparq CalendarTests";
			productReference = DB031BA11B338C3700417713 /* Sparq CalendarTests.xctest */;
			productType = "com.apple.product-type.bundle.unit-test";
		};
/* End PBXNativeTarget section */

/* Begin PBXProject section */
		DB031B841B338C3700417713 /* Project object */ = {
			isa = PBXProject;
			attributes = {
				LastUpgradeCheck = 0630;
				ORGANIZATIONNAME = "Sparq Calendar";
				TargetAttributes = {
					DB031B8B1B338C3700417713 = {
						CreatedOnToolsVersion = 6.3.2;
						SystemCapabilities = {
							com.apple.BackgroundModes = {
								enabled = 1;
							};
						};
					};
					DB031BA01B338C3700417713 = {
						CreatedOnToolsVersion = 6.3.2;
						TestTargetID = DB031B8B1B338C3700417713;
					};
				};
			};
			buildConfigurationList = DB031B871B338C3700417713 /* Build configuration list for PBXProject "Sparq Calendar" */;
			compatibilityVersion = "Xcode 3.2";
			developmentRegion = English;
			hasScannedForEncodings = 0;
			knownRegions = (
				en,
				Base,
			);
			mainGroup = DB031B831B338C3700417713;
			productRefGroup = DB031B8D1B338C3700417713 /* Products */;
			projectDirPath = "";
			projectRoot = "";
			targets = (
				DB031B8B1B338C3700417713 /* Sparq Calendar */,
				DB031BA01B338C3700417713 /* Sparq CalendarTests */,
			);
		};
/* End PBXProject section */

/* Begin PBXResourcesBuildPhase section */
		DB031B8A1B338C3700417713 /* Resources */ = {
			isa = PBXResourcesBuildPhase;
			buildActionMask = 2147483647;
			files = (
				DB031B991B338C3700417713 /* Images.xcassets in Resources */,
				DB2EF47D1B66DE3700F78317 /* Main.storyboard in Resources */,
				DB1A50BB1B9BCD0300FD2F40 /* CryptoSwift in Resources */,
			);
			runOnlyForDeploymentPostprocessing = 0;
		};
		DB031B9F1B338C3700417713 /* Resources */ = {
			isa = PBXResourcesBuildPhase;
			buildActionMask = 2147483647;
			files = (
				DB34AF031B8222FC004751F0 /* Images.xcassets in Resources */,
				DB1A50BC1B9BCD0300FD2F40 /* CryptoSwift in Resources */,
				DBF2F4F71B600F6000B2F44F /* LaunchScreen.xib in Resources */,
				DB2EF47E1B66DE3700F78317 /* Main.storyboard in Resources */,
			);
			runOnlyForDeploymentPostprocessing = 0;
		};
/* End PBXResourcesBuildPhase section */

/* Begin PBXSourcesBuildPhase section */
		DB031B881B338C3700417713 /* Sources */ = {
			isa = PBXSourcesBuildPhase;
			buildActionMask = 2147483647;
			files = (
				DB3060791B7422C300052AC0 /* String+Timepiece.swift in Sources */,
				DB3060751B7422C300052AC0 /* NSDateComponents+Timepiece.swift in Sources */,
				DBF2F4F11B5F065D00B2F44F /* ClassMeetings.swift in Sources */,
				DB30606F1B7422C300052AC0 /* NSCalendar+Timepiece.swift in Sources */,
				DBE50E031B66AADF00E43954 /* ClassTableViewCell.swift in Sources */,
				DB15D47A1B599D3300CA2A63 /* Class.xcdatamodeld in Sources */,
				DB3060711B7422C300052AC0 /* NSCalendarUnit+Timepiece.swift in Sources */,
				DBCE7F751B6589330008D0BF /* FMDatabasePool.m in Sources */,
				DB3060731B7422C300052AC0 /* NSDate+Timepiece.swift in Sources */,
				DB15D4771B56AB5A00CA2A63 /* LoginViewController.swift in Sources */,
				DBCE7F6D1B6589330008D0BF /* FMDatabase.m in Sources */,
				DB2280691B4B1D7E0023D10F /* SwiftyJSON.swift in Sources */,
				DBCE7F731B6589330008D0BF /* FMDatabaseAdditions.m in Sources */,
				DB30606D1B7422C300052AC0 /* Int+Timepiece.swift in Sources */,
				DB4378951B8399970056CE60 /* Reachability.swift in Sources */,
				DBCE7F6F1B6589330008D0BF /* FMResultSet.m in Sources */,
				DB031B941B338C3700417713 /* ViewController.swift in Sources */,
				DB15D4721B545CE600CA2A63 /* RestApiManager.swift in Sources */,
				DB7BE6661B5D590400F2725F /* User.swift in Sources */,
				DBF2F4F41B5FE56300B2F44F /* Days.swift in Sources */,
				DB7BE66C1B5D590400F2725F /* Schedule.swift in Sources */,
				DB2280761B51DC4C0023D10F /* ScheduleViewController.swift in Sources */,
				DB30607C1B742F2100052AC0 /* ArrayExtension.swift in Sources */,
				DBCE7F711B6589330008D0BF /* FMDatabaseQueue.m in Sources */,
				DB30605B1B6FDA6800052AC0 /* StringExtension.swift in Sources */,
				DB30606B1B7422C300052AC0 /* Duration.swift in Sources */,
				DB7BE6641B5D590300F2725F /* Holidays.swift in Sources */,
				DB031B921B338C3700417713 /* AppDelegate.swift in Sources */,
			);
			runOnlyForDeploymentPostprocessing = 0;
		};
		DB031B9D1B338C3700417713 /* Sources */ = {
			isa = PBXSourcesBuildPhase;
			buildActionMask = 2147483647;
			files = (
				DBF2F4EB1B5EB61400B2F44F /* ViewController.swift in Sources */,
				DB30606C1B7422C300052AC0 /* Duration.swift in Sources */,
				DBF2F4EC1B5EB61600B2F44F /* RestApiManager.swift in Sources */,
				DBA38C121B5D9DCC00CC09DC /* AppDelegate.swift in Sources */,
				DB2280771B51DC4C0023D10F /* ScheduleViewController.swift in Sources */,
				DBF2F4F51B5FE56300B2F44F /* Days.swift in Sources */,
				DB031BA81B338C3700417713 /* Sparq_CalendarTests.swift in Sources */,
				DB4378961B8399970056CE60 /* Reachability.swift in Sources */,
				DBF2F4E31B5EB5ED00B2F44F /* Schedule.swift in Sources */,
				DB3060701B7422C300052AC0 /* NSCalendar+Timepiece.swift in Sources */,
				DBE50E041B66AADF00E43954 /* ClassTableViewCell.swift in Sources */,
				DB22806A1B4B1D7E0023D10F /* SwiftyJSON.swift in Sources */,
				DB30607D1B742F2100052AC0 /* ArrayExtension.swift in Sources */,
				DB3060721B7422C300052AC0 /* NSCalendarUnit+Timepiece.swift in Sources */,
				DBF2F4EA1B5EB61000B2F44F /* Class.xcdatamodeld in Sources */,
				DBF2F4E71B5EB5FB00B2F44F /* Holidays.swift in Sources */,
				DB30606E1B7422C300052AC0 /* Int+Timepiece.swift in Sources */,
				DB3060761B7422C300052AC0 /* NSDateComponents+Timepiece.swift in Sources */,
				DB3060741B7422C300052AC0 /* NSDate+Timepiece.swift in Sources */,
				DBF2F4F21B5F065D00B2F44F /* ClassMeetings.swift in Sources */,
				DB30605C1B6FDA6800052AC0 /* StringExtension.swift in Sources */,
				DBCE7F701B6589330008D0BF /* FMResultSet.m in Sources */,
				DB30607A1B7422C300052AC0 /* String+Timepiece.swift in Sources */,
				DBF2F4E91B5EB60900B2F44F /* LoginViewController.swift in Sources */,
				DBCE7F741B6589330008D0BF /* FMDatabaseAdditions.m in Sources */,
				DBF2F4E61B5EB5F800B2F44F /* User.swift in Sources */,
				DBCE7F761B6589330008D0BF /* FMDatabasePool.m in Sources */,
				DBCE7F6E1B6589330008D0BF /* FMDatabase.m in Sources */,
				DBCE7F721B6589330008D0BF /* FMDatabaseQueue.m in Sources */,
			);
			runOnlyForDeploymentPostprocessing = 0;
		};
/* End PBXSourcesBuildPhase section */

/* Begin PBXTargetDependency section */
		DB031BA31B338C3700417713 /* PBXTargetDependency */ = {
			isa = PBXTargetDependency;
			target = DB031B8B1B338C3700417713 /* Sparq Calendar */;
			targetProxy = DB031BA21B338C3700417713 /* PBXContainerItemProxy */;
		};
/* End PBXTargetDependency section */

/* Begin PBXVariantGroup section */
		DB031B9A1B338C3700417713 /* LaunchScreen.xib */ = {
			isa = PBXVariantGroup;
			children = (
				DB031B9B1B338C3700417713 /* Base */,
			);
			name = LaunchScreen.xib;
			sourceTree = "<group>";
		};
		DB2EF47B1B66DE3700F78317 /* Main.storyboard */ = {
			isa = PBXVariantGroup;
			children = (
				DB2EF47C1B66DE3700F78317 /* Base */,
			);
			name = Main.storyboard;
			sourceTree = "<group>";
		};
/* End PBXVariantGroup section */

/* Begin XCBuildConfiguration section */
		DB031BA91B338C3700417713 /* Debug */ = {
			isa = XCBuildConfiguration;
			buildSettings = {
				ALWAYS_SEARCH_USER_PATHS = NO;
				CLANG_CXX_LANGUAGE_STANDARD = "gnu++0x";
				CLANG_CXX_LIBRARY = "libc++";
				CLANG_ENABLE_MODULES = YES;
				CLANG_ENABLE_OBJC_ARC = YES;
				CLANG_WARN_BOOL_CONVERSION = YES;
				CLANG_WARN_CONSTANT_CONVERSION = YES;
				CLANG_WARN_DIRECT_OBJC_ISA_USAGE = YES_ERROR;
				CLANG_WARN_EMPTY_BODY = YES;
				CLANG_WARN_ENUM_CONVERSION = YES;
				CLANG_WARN_INT_CONVERSION = YES;
				CLANG_WARN_OBJC_ROOT_CLASS = YES_ERROR;
				CLANG_WARN_UNREACHABLE_CODE = YES;
				CLANG_WARN__DUPLICATE_METHOD_MATCH = YES;
				"CODE_SIGN_IDENTITY[sdk=iphoneos*]" = "iPhone Developer";
				COPY_PHASE_STRIP = NO;
				DEBUG_INFORMATION_FORMAT = "dwarf-with-dsym";
				ENABLE_STRICT_OBJC_MSGSEND = YES;
				GCC_C_LANGUAGE_STANDARD = gnu99;
				GCC_DYNAMIC_NO_PIC = NO;
				GCC_NO_COMMON_BLOCKS = YES;
				GCC_OPTIMIZATION_LEVEL = 0;
				GCC_PREPROCESSOR_DEFINITIONS = (
					"DEBUG=1",
					"$(inherited)",
				);
				GCC_SYMBOLS_PRIVATE_EXTERN = NO;
				GCC_WARN_64_TO_32_BIT_CONVERSION = YES;
				GCC_WARN_ABOUT_RETURN_TYPE = YES_ERROR;
				GCC_WARN_UNDECLARED_SELECTOR = YES;
				GCC_WARN_UNINITIALIZED_AUTOS = YES_AGGRESSIVE;
				GCC_WARN_UNUSED_FUNCTION = YES;
				GCC_WARN_UNUSED_VARIABLE = YES;
				IPHONEOS_DEPLOYMENT_TARGET = 8.3;
				MTL_ENABLE_DEBUG_INFO = YES;
				ONLY_ACTIVE_ARCH = YES;
				SDKROOT = iphoneos;
				SWIFT_OPTIMIZATION_LEVEL = "-Onone";
				TARGETED_DEVICE_FAMILY = 2;
			};
			name = Debug;
		};
		DB031BAA1B338C3700417713 /* Release */ = {
			isa = XCBuildConfiguration;
			buildSettings = {
				ALWAYS_SEARCH_USER_PATHS = NO;
				CLANG_CXX_LANGUAGE_STANDARD = "gnu++0x";
				CLANG_CXX_LIBRARY = "libc++";
				CLANG_ENABLE_MODULES = YES;
				CLANG_ENABLE_OBJC_ARC = YES;
				CLANG_WARN_BOOL_CONVERSION = YES;
				CLANG_WARN_CONSTANT_CONVERSION = YES;
				CLANG_WARN_DIRECT_OBJC_ISA_USAGE = YES_ERROR;
				CLANG_WARN_EMPTY_BODY = YES;
				CLANG_WARN_ENUM_CONVERSION = YES;
				CLANG_WARN_INT_CONVERSION = YES;
				CLANG_WARN_OBJC_ROOT_CLASS = YES_ERROR;
				CLANG_WARN_UNREACHABLE_CODE = YES;
				CLANG_WARN__DUPLICATE_METHOD_MATCH = YES;
				"CODE_SIGN_IDENTITY[sdk=iphoneos*]" = "iPhone Developer";
				COPY_PHASE_STRIP = NO;
				DEBUG_INFORMATION_FORMAT = "dwarf-with-dsym";
				ENABLE_NS_ASSERTIONS = NO;
				ENABLE_STRICT_OBJC_MSGSEND = YES;
				GCC_C_LANGUAGE_STANDARD = gnu99;
				GCC_NO_COMMON_BLOCKS = YES;
				GCC_WARN_64_TO_32_BIT_CONVERSION = YES;
				GCC_WARN_ABOUT_RETURN_TYPE = YES_ERROR;
				GCC_WARN_UNDECLARED_SELECTOR = YES;
				GCC_WARN_UNINITIALIZED_AUTOS = YES_AGGRESSIVE;
				GCC_WARN_UNUSED_FUNCTION = YES;
				GCC_WARN_UNUSED_VARIABLE = YES;
				IPHONEOS_DEPLOYMENT_TARGET = 8.3;
				MTL_ENABLE_DEBUG_INFO = NO;
				SDKROOT = iphoneos;
				TARGETED_DEVICE_FAMILY = 2;
				VALIDATE_PRODUCT = YES;
			};
			name = Release;
		};
		DB031BAC1B338C3700417713 /* Debug */ = {
			isa = XCBuildConfiguration;
			buildSettings = {
				ASSETCATALOG_COMPILER_APPICON_NAME = AppIcon;
				CLANG_ENABLE_MODULES = YES;
				CODE_SIGN_IDENTITY = "iPhone Distribution: Andrew Schulz (NN79454WDC)";
				INFOPLIST_FILE = "Sparq Calendar/Info.plist";
				IPHONEOS_DEPLOYMENT_TARGET = 7.0;
				LD_RUNPATH_SEARCH_PATHS = "$(inherited) @executable_path/Frameworks";
				LIBRARY_SEARCH_PATHS = (
					"$(inherited)",
					"$(PROJECT_DIR)/Sparq",
					Calendar,
				);
				PRODUCT_NAME = "$(TARGET_NAME)";
				PROVISIONING_PROFILE = "71634901-4bc0-45b2-ab52-2371da9c2c4b";
				SWIFT_OBJC_BRIDGING_HEADER = "Sparq Calendar/Sparq Calendar-Bridging-Header.h";
				SWIFT_OPTIMIZATION_LEVEL = "-Onone";
			};
			name = Debug;
		};
		DB031BAD1B338C3700417713 /* Release */ = {
			isa = XCBuildConfiguration;
			buildSettings = {
				ASSETCATALOG_COMPILER_APPICON_NAME = AppIcon;
				CLANG_ENABLE_MODULES = YES;
				CODE_SIGN_IDENTITY = "iPhone Distribution: Andrew Schulz (NN79454WDC)";
				INFOPLIST_FILE = "Sparq Calendar/Info.plist";
				IPHONEOS_DEPLOYMENT_TARGET = 7.0;
				LD_RUNPATH_SEARCH_PATHS = "$(inherited) @executable_path/Frameworks";
				LIBRARY_SEARCH_PATHS = (
					"$(inherited)",
					"$(PROJECT_DIR)/Sparq",
					Calendar,
				);
				PRODUCT_NAME = "$(TARGET_NAME)";
				PROVISIONING_PROFILE = "71634901-4bc0-45b2-ab52-2371da9c2c4b";
				SWIFT_OBJC_BRIDGING_HEADER = "Sparq Calendar/Sparq Calendar-Bridging-Header.h";
				SWIFT_OPTIMIZATION_LEVEL = "-Onone";
			};
			name = Release;
		};
		DB031BAF1B338C3700417713 /* Debug */ = {
			isa = XCBuildConfiguration;
			buildSettings = {
				BUNDLE_LOADER = "$(TEST_HOST)";
				CLANG_ENABLE_MODULES = YES;
				FRAMEWORK_SEARCH_PATHS = (
					"$(SDKROOT)/Developer/Library/Frameworks",
					"$(inherited)",
				);
				GCC_PREPROCESSOR_DEFINITIONS = (
					"DEBUG=1",
					"$(inherited)",
				);
				INFOPLIST_FILE = "Sparq CalendarTests/Info.plist";
				LD_RUNPATH_SEARCH_PATHS = "$(inherited) @executable_path/Frameworks @loader_path/Frameworks";
				LIBRARY_SEARCH_PATHS = (
					"$(inherited)",
					"$(PROJECT_DIR)/Sparq",
					Calendar,
				);
				PRODUCT_NAME = "$(TARGET_NAME)";
				SWIFT_OBJC_BRIDGING_HEADER = "Sparq Calendar/Sparq CalendarTests-Bridging-Header.h";
				SWIFT_OPTIMIZATION_LEVEL = "-Onone";
				TEST_HOST = "$(BUILT_PRODUCTS_DIR)/Sparq Calendar.app/Sparq Calendar";
			};
			name = Debug;
		};
		DB031BB01B338C3700417713 /* Release */ = {
			isa = XCBuildConfiguration;
			buildSettings = {
				BUNDLE_LOADER = "$(TEST_HOST)";
				CLANG_ENABLE_MODULES = YES;
				FRAMEWORK_SEARCH_PATHS = (
					"$(SDKROOT)/Developer/Library/Frameworks",
					"$(inherited)",
				);
				INFOPLIST_FILE = "Sparq CalendarTests/Info.plist";
				LD_RUNPATH_SEARCH_PATHS = "$(inherited) @executable_path/Frameworks @loader_path/Frameworks";
				LIBRARY_SEARCH_PATHS = (
					"$(inherited)",
					"$(PROJECT_DIR)/Sparq",
					Calendar,
				);
				PRODUCT_NAME = "$(TARGET_NAME)";
				SWIFT_OBJC_BRIDGING_HEADER = "Sparq Calendar/Sparq CalendarTests-Bridging-Header.h";
				TEST_HOST = "$(BUILT_PRODUCTS_DIR)/Sparq Calendar.app/Sparq Calendar";
			};
			name = Release;
		};
		DB82A4B71B8A5AED00F2A1F0 /* Distribution */ = {
			isa = XCBuildConfiguration;
			buildSettings = {
				ALWAYS_SEARCH_USER_PATHS = NO;
				CLANG_CXX_LANGUAGE_STANDARD = "gnu++0x";
				CLANG_CXX_LIBRARY = "libc++";
				CLANG_ENABLE_MODULES = YES;
				CLANG_ENABLE_OBJC_ARC = YES;
				CLANG_WARN_BOOL_CONVERSION = YES;
				CLANG_WARN_CONSTANT_CONVERSION = YES;
				CLANG_WARN_DIRECT_OBJC_ISA_USAGE = YES_ERROR;
				CLANG_WARN_EMPTY_BODY = YES;
				CLANG_WARN_ENUM_CONVERSION = YES;
				CLANG_WARN_INT_CONVERSION = YES;
				CLANG_WARN_OBJC_ROOT_CLASS = YES_ERROR;
				CLANG_WARN_UNREACHABLE_CODE = YES;
				CLANG_WARN__DUPLICATE_METHOD_MATCH = YES;
				"CODE_SIGN_IDENTITY[sdk=iphoneos*]" = "iPhone Developer";
				COPY_PHASE_STRIP = NO;
				DEBUG_INFORMATION_FORMAT = "dwarf-with-dsym";
				ENABLE_NS_ASSERTIONS = NO;
				ENABLE_STRICT_OBJC_MSGSEND = YES;
				GCC_C_LANGUAGE_STANDARD = gnu99;
				GCC_NO_COMMON_BLOCKS = YES;
				GCC_WARN_64_TO_32_BIT_CONVERSION = YES;
				GCC_WARN_ABOUT_RETURN_TYPE = YES_ERROR;
				GCC_WARN_UNDECLARED_SELECTOR = YES;
				GCC_WARN_UNINITIALIZED_AUTOS = YES_AGGRESSIVE;
				GCC_WARN_UNUSED_FUNCTION = YES;
				GCC_WARN_UNUSED_VARIABLE = YES;
				IPHONEOS_DEPLOYMENT_TARGET = 8.3;
				MTL_ENABLE_DEBUG_INFO = NO;
				SDKROOT = iphoneos;
				TARGETED_DEVICE_FAMILY = 2;
				VALIDATE_PRODUCT = YES;
			};
			name = Distribution;
		};
		DB82A4B81B8A5AED00F2A1F0 /* Distribution */ = {
			isa = XCBuildConfiguration;
			buildSettings = {
				ASSETCATALOG_COMPILER_APPICON_NAME = AppIcon;
				CLANG_ENABLE_MODULES = YES;
				CODE_SIGN_IDENTITY = "iPhone Distribution: Andrew Schulz (NN79454WDC)";
				INFOPLIST_FILE = "Sparq Calendar/Info.plist";
				IPHONEOS_DEPLOYMENT_TARGET = 7.0;
				LD_RUNPATH_SEARCH_PATHS = "$(inherited) @executable_path/Frameworks";
				LIBRARY_SEARCH_PATHS = (
					"$(inherited)",
					"$(PROJECT_DIR)/Sparq",
					Calendar,
				);
				PRODUCT_NAME = "$(TARGET_NAME)";
				PROVISIONING_PROFILE = "71634901-4bc0-45b2-ab52-2371da9c2c4b";
				SWIFT_OBJC_BRIDGING_HEADER = "Sparq Calendar/Sparq Calendar-Bridging-Header.h";
				SWIFT_OPTIMIZATION_LEVEL = "-Onone";
			};
			name = Distribution;
		};
		DB82A4B91B8A5AED00F2A1F0 /* Distribution */ = {
			isa = XCBuildConfiguration;
			buildSettings = {
				BUNDLE_LOADER = "$(TEST_HOST)";
				CLANG_ENABLE_MODULES = YES;
				FRAMEWORK_SEARCH_PATHS = (
					"$(SDKROOT)/Developer/Library/Frameworks",
					"$(inherited)",
				);
				INFOPLIST_FILE = "Sparq CalendarTests/Info.plist";
				LD_RUNPATH_SEARCH_PATHS = "$(inherited) @executable_path/Frameworks @loader_path/Frameworks";
				LIBRARY_SEARCH_PATHS = (
					"$(inherited)",
					"$(PROJECT_DIR)/Sparq",
					Calendar,
				);
				PRODUCT_NAME = "$(TARGET_NAME)";
				SWIFT_OBJC_BRIDGING_HEADER = "Sparq Calendar/Sparq CalendarTests-Bridging-Header.h";
				TEST_HOST = "$(BUILT_PRODUCTS_DIR)/Sparq Calendar.app/Sparq Calendar";
			};
			name = Distribution;
		};
/* End XCBuildConfiguration section */

/* Begin XCConfigurationList section */
		DB031B871B338C3700417713 /* Build configuration list for PBXProject "Sparq Calendar" */ = {
			isa = XCConfigurationList;
			buildConfigurations = (
				DB031BA91B338C3700417713 /* Debug */,
				DB031BAA1B338C3700417713 /* Release */,
				DB82A4B71B8A5AED00F2A1F0 /* Distribution */,
			);
			defaultConfigurationIsVisible = 0;
			defaultConfigurationName = Release;
		};
		DB031BAB1B338C3700417713 /* Build configuration list for PBXNativeTarget "Sparq Calendar" */ = {
			isa = XCConfigurationList;
			buildConfigurations = (
				DB031BAC1B338C3700417713 /* Debug */,
				DB031BAD1B338C3700417713 /* Release */,
				DB82A4B81B8A5AED00F2A1F0 /* Distribution */,
			);
			defaultConfigurationIsVisible = 0;
			defaultConfigurationName = Release;
		};
		DB031BAE1B338C3700417713 /* Build configuration list for PBXNativeTarget "Sparq CalendarTests" */ = {
			isa = XCConfigurationList;
			buildConfigurations = (
				DB031BAF1B338C3700417713 /* Debug */,
				DB031BB01B338C3700417713 /* Release */,
				DB82A4B91B8A5AED00F2A1F0 /* Distribution */,
			);
			defaultConfigurationIsVisible = 0;
			defaultConfigurationName = Release;
		};
/* End XCConfigurationList section */

/* Begin XCVersionGroup section */
		DB15D4781B599D3300CA2A63 /* Class.xcdatamodeld */ = {
			isa = XCVersionGroup;
			children = (
				DB15D4791B599D3300CA2A63 /* Class.xcdatamodel */,
			);
			currentVersion = DB15D4791B599D3300CA2A63 /* Class.xcdatamodel */;
			path = Class.xcdatamodeld;
			sourceTree = "<group>";
			versionGroupType = wrapper.xcdatamodel;
		};
/* End XCVersionGroup section */
	};
	rootObject = DB031B841B338C3700417713 /* Project object */;
}
